// !$*UTF8*$!
{
	archiveVersion = 1;
	classes = {
	};
	objectVersion = 50;
	objects = {

/* Begin PBXBuildFile section */
		988BB1500858AC6E24667984 /* libPods-AFShop.a in Frameworks */ = {isa = PBXBuildFile; fileRef = 7EDF32EBDC3ADE4FA1D4B81B /* libPods-AFShop.a */; };
		F98AABD8213FC19200456B8A /* AppDelegate.m in Sources */ = {isa = PBXBuildFile; fileRef = F98AABD7213FC19200456B8A /* AppDelegate.m */; };
		F98AABDB213FC19200456B8A /* ViewController.m in Sources */ = {isa = PBXBuildFile; fileRef = F98AABDA213FC19200456B8A /* ViewController.m */; };
		F98AABE0213FC19300456B8A /* Assets.xcassets in Resources */ = {isa = PBXBuildFile; fileRef = F98AABDF213FC19300456B8A /* Assets.xcassets */; };
		F98AABE3213FC19300456B8A /* LaunchScreen.storyboard in Resources */ = {isa = PBXBuildFile; fileRef = F98AABE1213FC19300456B8A /* LaunchScreen.storyboard */; };
		F98AABE6213FC19300456B8A /* main.m in Sources */ = {isa = PBXBuildFile; fileRef = F98AABE5213FC19300456B8A /* main.m */; };
		F98AABF12140D32800456B8A /* LoginViewController.m in Sources */ = {isa = PBXBuildFile; fileRef = F98AABF02140D32800456B8A /* LoginViewController.m */; };
		F98AABF6214603D300456B8A /* LoginInputCell.m in Sources */ = {isa = PBXBuildFile; fileRef = F98AABF5214603D300456B8A /* LoginInputCell.m */; };
		F98AABFA21463E6700456B8A /* UIColor+Util.m in Sources */ = {isa = PBXBuildFile; fileRef = F98AABF921463E6700456B8A /* UIColor+Util.m */; };
/* End PBXBuildFile section */

/* Begin PBXFileReference section */
		4BA9920B55DC4EB6FD7788B1 /* Pods-AFShop.release.xcconfig */ = {isa = PBXFileReference; includeInIndex = 1; lastKnownFileType = text.xcconfig; name = "Pods-AFShop.release.xcconfig"; path = "Pods/Target Support Files/Pods-AFShop/Pods-AFShop.release.xcconfig"; sourceTree = "<group>"; };
		509627DAE2D5AD6221B7BFF4 /* Pods-AFShop.debug.xcconfig */ = {isa = PBXFileReference; includeInIndex = 1; lastKnownFileType = text.xcconfig; name = "Pods-AFShop.debug.xcconfig"; path = "Pods/Target Support Files/Pods-AFShop/Pods-AFShop.debug.xcconfig"; sourceTree = "<group>"; };
		7EDF32EBDC3ADE4FA1D4B81B /* libPods-AFShop.a */ = {isa = PBXFileReference; explicitFileType = archive.ar; includeInIndex = 0; path = "libPods-AFShop.a"; sourceTree = BUILT_PRODUCTS_DIR; };
		F98AABD3213FC19200456B8A /* AFShop.app */ = {isa = PBXFileReference; explicitFileType = wrapper.application; includeInIndex = 0; path = AFShop.app; sourceTree = BUILT_PRODUCTS_DIR; };
		F98AABD6213FC19200456B8A /* AppDelegate.h */ = {isa = PBXFileReference; lastKnownFileType = sourcecode.c.h; path = AppDelegate.h; sourceTree = "<group>"; };
		F98AABD7213FC19200456B8A /* AppDelegate.m */ = {isa = PBXFileReference; lastKnownFileType = sourcecode.c.objc; path = AppDelegate.m; sourceTree = "<group>"; };
		F98AABD9213FC19200456B8A /* ViewController.h */ = {isa = PBXFileReference; lastKnownFileType = sourcecode.c.h; path = ViewController.h; sourceTree = "<group>"; };
		F98AABDA213FC19200456B8A /* ViewController.m */ = {isa = PBXFileReference; lastKnownFileType = sourcecode.c.objc; path = ViewController.m; sourceTree = "<group>"; };
		F98AABDF213FC19300456B8A /* Assets.xcassets */ = {isa = PBXFileReference; lastKnownFileType = folder.assetcatalog; path = Assets.xcassets; sourceTree = "<group>"; };
		F98AABE2213FC19300456B8A /* Base */ = {isa = PBXFileReference; lastKnownFileType = file.storyboard; name = Base; path = Base.lproj/LaunchScreen.storyboard; sourceTree = "<group>"; };
		F98AABE4213FC19300456B8A /* Info.plist */ = {isa = PBXFileReference; lastKnownFileType = text.plist.xml; path = Info.plist; sourceTree = "<group>"; };
		F98AABE5213FC19300456B8A /* main.m */ = {isa = PBXFileReference; lastKnownFileType = sourcecode.c.objc; path = main.m; sourceTree = "<group>"; };
		F98AABEF2140D32800456B8A /* LoginViewController.h */ = {isa = PBXFileReference; lastKnownFileType = sourcecode.c.h; path = LoginViewController.h; sourceTree = "<group>"; };
		F98AABF02140D32800456B8A /* LoginViewController.m */ = {isa = PBXFileReference; lastKnownFileType = sourcecode.c.objc; path = LoginViewController.m; sourceTree = "<group>"; };
		F98AABF221412D5100456B8A /* AFShop-Prefix.pch */ = {isa = PBXFileReference; lastKnownFileType = sourcecode.c.h; path = "AFShop-Prefix.pch"; sourceTree = "<group>"; };
		F98AABF4214603D300456B8A /* LoginInputCell.h */ = {isa = PBXFileReference; lastKnownFileType = sourcecode.c.h; path = LoginInputCell.h; sourceTree = "<group>"; };
		F98AABF5214603D300456B8A /* LoginInputCell.m */ = {isa = PBXFileReference; lastKnownFileType = sourcecode.c.objc; path = LoginInputCell.m; sourceTree = "<group>"; };
		F98AABF821463E6700456B8A /* UIColor+Util.h */ = {isa = PBXFileReference; lastKnownFileType = sourcecode.c.h; path = "UIColor+Util.h"; sourceTree = "<group>"; };
		F98AABF921463E6700456B8A /* UIColor+Util.m */ = {isa = PBXFileReference; lastKnownFileType = sourcecode.c.objc; path = "UIColor+Util.m"; sourceTree = "<group>"; };
/* End PBXFileReference section */

/* Begin PBXFrameworksBuildPhase section */
		F98AABD0213FC19200456B8A /* Frameworks */ = {
			isa = PBXFrameworksBuildPhase;
			buildActionMask = 2147483647;
			files = (
				988BB1500858AC6E24667984 /* libPods-AFShop.a in Frameworks */,
			);
			runOnlyForDeploymentPostprocessing = 0;
		};
/* End PBXFrameworksBuildPhase section */

/* Begin PBXGroup section */
		1518EEC2B6A5D49392ADA3E5 /* Pods */ = {
			isa = PBXGroup;
			children = (
				509627DAE2D5AD6221B7BFF4 /* Pods-AFShop.debug.xcconfig */,
				4BA9920B55DC4EB6FD7788B1 /* Pods-AFShop.release.xcconfig */,
			);
			name = Pods;
			sourceTree = "<group>";
		};
		BBE45A2A6212BEA58FB76162 /* Frameworks */ = {
			isa = PBXGroup;
			children = (
				7EDF32EBDC3ADE4FA1D4B81B /* libPods-AFShop.a */,
			);
			name = Frameworks;
			sourceTree = "<group>";
		};
		F98AABCA213FC19200456B8A = {
			isa = PBXGroup;
			children = (
				F98AABD5213FC19200456B8A /* AFShop */,
				F98AABD4213FC19200456B8A /* Products */,
				1518EEC2B6A5D49392ADA3E5 /* Pods */,
				BBE45A2A6212BEA58FB76162 /* Frameworks */,
			);
			sourceTree = "<group>";
		};
		F98AABD4213FC19200456B8A /* Products */ = {
			isa = PBXGroup;
			children = (
				F98AABD3213FC19200456B8A /* AFShop.app */,
			);
			name = Products;
			sourceTree = "<group>";
		};
		F98AABD5213FC19200456B8A /* AFShop */ = {
			isa = PBXGroup;
			children = (
				F98AABF721463DC600456B8A /* Categories */,
				F98AABEE2140D27900456B8A /* Models */,
				F98AABED2140D26900456B8A /* Views */,
				F98AABEC213FE6DF00456B8A /* Controllers */,
				F98AABD6213FC19200456B8A /* AppDelegate.h */,
				F98AABD7213FC19200456B8A /* AppDelegate.m */,
				F98AABDF213FC19300456B8A /* Assets.xcassets */,
				F98AABE1213FC19300456B8A /* LaunchScreen.storyboard */,
				F98AABE4213FC19300456B8A /* Info.plist */,
				F98AABE5213FC19300456B8A /* main.m */,
				F98AABF221412D5100456B8A /* AFShop-Prefix.pch */,
			);
			path = AFShop;
			sourceTree = "<group>";
		};
		F98AABEC213FE6DF00456B8A /* Controllers */ = {
			isa = PBXGroup;
			children = (
				F98AABD9213FC19200456B8A /* ViewController.h */,
				F98AABDA213FC19200456B8A /* ViewController.m */,
				F98AABEF2140D32800456B8A /* LoginViewController.h */,
				F98AABF02140D32800456B8A /* LoginViewController.m */,
			);
			path = Controllers;
			sourceTree = "<group>";
		};
		F98AABED2140D26900456B8A /* Views */ = {
			isa = PBXGroup;
			children = (
				F98AABF32146035F00456B8A /* Login */,
			);
			path = Views;
			sourceTree = "<group>";
		};
		F98AABEE2140D27900456B8A /* Models */ = {
			isa = PBXGroup;
			children = (
			);
			path = Models;
			sourceTree = "<group>";
		};
		F98AABF32146035F00456B8A /* Login */ = {
			isa = PBXGroup;
			children = (
				F98AABF4214603D300456B8A /* LoginInputCell.h */,
				F98AABF5214603D300456B8A /* LoginInputCell.m */,
			);
			path = Login;
			sourceTree = "<group>";
		};
		F98AABF721463DC600456B8A /* Categories */ = {
			isa = PBXGroup;
			children = (
				F98AABF821463E6700456B8A /* UIColor+Util.h */,
				F98AABF921463E6700456B8A /* UIColor+Util.m */,
			);
			path = Categories;
			sourceTree = "<group>";
		};
/* End PBXGroup section */

/* Begin PBXNativeTarget section */
		F98AABD2213FC19200456B8A /* AFShop */ = {
			isa = PBXNativeTarget;
			buildConfigurationList = F98AABE9213FC19300456B8A /* Build configuration list for PBXNativeTarget "AFShop" */;
			buildPhases = (
				37944A7C68E10FC06898A57F /* [CP] Check Pods Manifest.lock */,
				F98AABCF213FC19200456B8A /* Sources */,
				F98AABD0213FC19200456B8A /* Frameworks */,
				F98AABD1213FC19200456B8A /* Resources */,
			);
			buildRules = (
			);
			dependencies = (
			);
			name = AFShop;
			productName = AFShop;
			productReference = F98AABD3213FC19200456B8A /* AFShop.app */;
			productType = "com.apple.product-type.application";
		};
/* End PBXNativeTarget section */

/* Begin PBXProject section */
		F98AABCB213FC19200456B8A /* Project object */ = {
			isa = PBXProject;
			attributes = {
				LastUpgradeCheck = 0940;
				ORGANIZATIONNAME = "飞";
				TargetAttributes = {
					F98AABD2213FC19200456B8A = {
						CreatedOnToolsVersion = 9.4.1;
					};
				};
			};
			buildConfigurationList = F98AABCE213FC19200456B8A /* Build configuration list for PBXProject "AFShop" */;
			compatibilityVersion = "Xcode 9.3";
			developmentRegion = en;
			hasScannedForEncodings = 0;
			knownRegions = (
				en,
				Base,
			);
			mainGroup = F98AABCA213FC19200456B8A;
			productRefGroup = F98AABD4213FC19200456B8A /* Products */;
			projectDirPath = "";
			projectRoot = "";
			targets = (
				F98AABD2213FC19200456B8A /* AFShop */,
			);
		};
/* End PBXProject section */

/* Begin PBXResourcesBuildPhase section */
		F98AABD1213FC19200456B8A /* Resources */ = {
			isa = PBXResourcesBuildPhase;
			buildActionMask = 2147483647;
			files = (
				F98AABE3213FC19300456B8A /* LaunchScreen.storyboard in Resources */,
				F98AABE0213FC19300456B8A /* Assets.xcassets in Resources */,
			);
			runOnlyForDeploymentPostprocessing = 0;
		};
/* End PBXResourcesBuildPhase section */

/* Begin PBXShellScriptBuildPhase section */
		37944A7C68E10FC06898A57F /* [CP] Check Pods Manifest.lock */ = {
			isa = PBXShellScriptBuildPhase;
			buildActionMask = 2147483647;
			files = (
			);
			inputPaths = (
				"${PODS_PODFILE_DIR_PATH}/Podfile.lock",
				"${PODS_ROOT}/Manifest.lock",
			);
			name = "[CP] Check Pods Manifest.lock";
			outputPaths = (
				"$(DERIVED_FILE_DIR)/Pods-AFShop-checkManifestLockResult.txt",
			);
			runOnlyForDeploymentPostprocessing = 0;
			shellPath = /bin/sh;
			shellScript = "diff \"${PODS_PODFILE_DIR_PATH}/Podfile.lock\" \"${PODS_ROOT}/Manifest.lock\" > /dev/null\nif [ $? != 0 ] ; then\n    # print error to STDERR\n    echo \"error: The sandbox is not in sync with the Podfile.lock. Run 'pod install' or update your CocoaPods installation.\" >&2\n    exit 1\nfi\n# This output is used by Xcode 'outputs' to avoid re-running this script phase.\necho \"SUCCESS\" > \"${SCRIPT_OUTPUT_FILE_0}\"\n";
			showEnvVarsInLog = 0;
		};
/* End PBXShellScriptBuildPhase section */

/* Begin PBXSourcesBuildPhase section */
		F98AABCF213FC19200456B8A /* Sources */ = {
			isa = PBXSourcesBuildPhase;
			buildActionMask = 2147483647;
			files = (
				F98AABF12140D32800456B8A /* LoginViewController.m in Sources */,
				F98AABFA21463E6700456B8A /* UIColor+Util.m in Sources */,
				F98AABDB213FC19200456B8A /* ViewController.m in Sources */,
				F98AABE6213FC19300456B8A /* main.m in Sources */,
				F98AABD8213FC19200456B8A /* AppDelegate.m in Sources */,
				F98AABF6214603D300456B8A /* LoginInputCell.m in Sources */,
			);
			runOnlyForDeploymentPostprocessing = 0;
		};
/* End PBXSourcesBuildPhase section */

/* Begin PBXVariantGroup section */
		F98AABE1213FC19300456B8A /* LaunchScreen.storyboard */ = {
			isa = PBXVariantGroup;
			children = (
				F98AABE2213FC19300456B8A /* Base */,
			);
			name = LaunchScreen.storyboard;
			sourceTree = "<group>";
		};
/* End PBXVariantGroup section */

/* Begin XCBuildConfiguration section */
		F98AABE7213FC19300456B8A /* Debug */ = {
			isa = XCBuildConfiguration;
			buildSettings = {
				ALWAYS_SEARCH_USER_PATHS = NO;
				CLANG_ANALYZER_NONNULL = YES;
				CLANG_ANALYZER_NUMBER_OBJECT_CONVERSION = YES_AGGRESSIVE;
				CLANG_CXX_LANGUAGE_STANDARD = "gnu++14";
				CLANG_CXX_LIBRARY = "libc++";
				CLANG_ENABLE_MODULES = YES;
				CLANG_ENABLE_OBJC_ARC = YES;
				CLANG_ENABLE_OBJC_WEAK = YES;
				CLANG_WARN_BLOCK_CAPTURE_AUTORELEASING = YES;
				CLANG_WARN_BOOL_CONVERSION = YES;
				CLANG_WARN_COMMA = YES;
				CLANG_WARN_CONSTANT_CONVERSION = YES;
				CLANG_WARN_DEPRECATED_OBJC_IMPLEMENTATIONS = YES;
				CLANG_WARN_DIRECT_OBJC_ISA_USAGE = YES_ERROR;
				CLANG_WARN_DOCUMENTATION_COMMENTS = YES;
				CLANG_WARN_EMPTY_BODY = YES;
				CLANG_WARN_ENUM_CONVERSION = YES;
				CLANG_WARN_INFINITE_RECURSION = YES;
				CLANG_WARN_INT_CONVERSION = YES;
				CLANG_WARN_NON_LITERAL_NULL_CONVERSION = YES;
				CLANG_WARN_OBJC_IMPLICIT_RETAIN_SELF = YES;
				CLANG_WARN_OBJC_LITERAL_CONVERSION = YES;
				CLANG_WARN_OBJC_ROOT_CLASS = YES_ERROR;
				CLANG_WARN_RANGE_LOOP_ANALYSIS = YES;
				CLANG_WARN_STRICT_PROTOTYPES = YES;
				CLANG_WARN_SUSPICIOUS_MOVE = YES;
				CLANG_WARN_UNGUARDED_AVAILABILITY = YES_AGGRESSIVE;
				CLANG_WARN_UNREACHABLE_CODE = YES;
				CLANG_WARN__DUPLICATE_METHOD_MATCH = YES;
				CODE_SIGN_IDENTITY = "iPhone Developer";
				COPY_PHASE_STRIP = NO;
				DEBUG_INFORMATION_FORMAT = dwarf;
				ENABLE_STRICT_OBJC_MSGSEND = YES;
				ENABLE_TESTABILITY = YES;
				GCC_C_LANGUAGE_STANDARD = gnu11;
				GCC_DYNAMIC_NO_PIC = NO;
				GCC_NO_COMMON_BLOCKS = YES;
				GCC_OPTIMIZATION_LEVEL = 0;
				GCC_PREPROCESSOR_DEFINITIONS = (
					"DEBUG=1",
					"$(inherited)",
				);
				GCC_WARN_64_TO_32_BIT_CONVERSION = YES;
				GCC_WARN_ABOUT_RETURN_TYPE = YES_ERROR;
				GCC_WARN_UNDECLARED_SELECTOR = YES;
				GCC_WARN_UNINITIALIZED_AUTOS = YES_AGGRESSIVE;
				GCC_WARN_UNUSED_FUNCTION = YES;
				GCC_WARN_UNUSED_VARIABLE = YES;
				IPHONEOS_DEPLOYMENT_TARGET = 11.4;
				MTL_ENABLE_DEBUG_INFO = YES;
				ONLY_ACTIVE_ARCH = YES;
				SDKROOT = iphoneos;
			};
			name = Debug;
		};
		F98AABE8213FC19300456B8A /* Release */ = {
			isa = XCBuildConfiguration;
			buildSettings = {
				ALWAYS_SEARCH_USER_PATHS = NO;
				CLANG_ANALYZER_NONNULL = YES;
				CLANG_ANALYZER_NUMBER_OBJECT_CONVERSION = YES_AGGRESSIVE;
				CLANG_CXX_LANGUAGE_STANDARD = "gnu++14";
				CLANG_CXX_LIBRARY = "libc++";
				CLANG_ENABLE_MODULES = YES;
				CLANG_ENABLE_OBJC_ARC = YES;
				CLANG_ENABLE_OBJC_WEAK = YES;
				CLANG_WARN_BLOCK_CAPTURE_AUTORELEASING = YES;
				CLANG_WARN_BOOL_CONVERSION = YES;
				CLANG_WARN_COMMA = YES;
				CLANG_WARN_CONSTANT_CONVERSION = YES;
				CLANG_WARN_DEPRECATED_OBJC_IMPLEMENTATIONS = YES;
				CLANG_WARN_DIRECT_OBJC_ISA_USAGE = YES_ERROR;
				CLANG_WARN_DOCUMENTATION_COMMENTS = YES;
				CLANG_WARN_EMPTY_BODY = YES;
				CLANG_WARN_ENUM_CONVERSION = YES;
				CLANG_WARN_INFINITE_RECURSION = YES;
				CLANG_WARN_INT_CONVERSION = YES;
				CLANG_WARN_NON_LITERAL_NULL_CONVERSION = YES;
				CLANG_WARN_OBJC_IMPLICIT_RETAIN_SELF = YES;
				CLANG_WARN_OBJC_LITERAL_CONVERSION = YES;
				CLANG_WARN_OBJC_ROOT_CLASS = YES_ERROR;
				CLANG_WARN_RANGE_LOOP_ANALYSIS = YES;
				CLANG_WARN_STRICT_PROTOTYPES = YES;
				CLANG_WARN_SUSPICIOUS_MOVE = YES;
				CLANG_WARN_UNGUARDED_AVAILABILITY = YES_AGGRESSIVE;
				CLANG_WARN_UNREACHABLE_CODE = YES;
				CLANG_WARN__DUPLICATE_METHOD_MATCH = YES;
				CODE_SIGN_IDENTITY = "iPhone Developer";
				COPY_PHASE_STRIP = NO;
				DEBUG_INFORMATION_FORMAT = "dwarf-with-dsym";
				ENABLE_NS_ASSERTIONS = NO;
				ENABLE_STRICT_OBJC_MSGSEND = YES;
				GCC_C_LANGUAGE_STANDARD = gnu11;
				GCC_NO_COMMON_BLOCKS = YES;
				GCC_WARN_64_TO_32_BIT_CONVERSION = YES;
				GCC_WARN_ABOUT_RETURN_TYPE = YES_ERROR;
				GCC_WARN_UNDECLARED_SELECTOR = YES;
				GCC_WARN_UNINITIALIZED_AUTOS = YES_AGGRESSIVE;
				GCC_WARN_UNUSED_FUNCTION = YES;
				GCC_WARN_UNUSED_VARIABLE = YES;
				IPHONEOS_DEPLOYMENT_TARGET = 11.4;
				MTL_ENABLE_DEBUG_INFO = NO;
				SDKROOT = iphoneos;
				VALIDATE_PRODUCT = YES;
			};
			name = Release;
		};
		F98AABEA213FC19300456B8A /* Debug */ = {
			isa = XCBuildConfiguration;
			baseConfigurationReference = 509627DAE2D5AD6221B7BFF4 /* Pods-AFShop.debug.xcconfig */;
			buildSettings = {
				ASSETCATALOG_COMPILER_APPICON_NAME = AppIcon;
				CODE_SIGN_STYLE = Automatic;
				GCC_PRECOMPILE_PREFIX_HEADER = YES;
				GCC_PREFIX_HEADER = "AFShop/AFShop-Prefix.pch";
				INFOPLIST_FILE = AFShop/Info.plist;
				LD_RUNPATH_SEARCH_PATHS = (
					"$(inherited)",
					"@executable_path/Frameworks",
				);
				PRODUCT_BUNDLE_IDENTIFIER = com.xiao..AFShop;
				PRODUCT_NAME = "$(TARGET_NAME)";
				TARGETED_DEVICE_FAMILY = "1,2";
			};
			name = Debug;
		};
		F98AABEB213FC19300456B8A /* Release */ = {
			isa = XCBuildConfiguration;
			baseConfigurationReference = 4BA9920B55DC4EB6FD7788B1 /* Pods-AFShop.release.xcconfig */;
			buildSettings = {
				ASSETCATALOG_COMPILER_APPICON_NAME = AppIcon;
				CODE_SIGN_STYLE = Automatic;
				GCC_PRECOMPILE_PREFIX_HEADER = YES;
				GCC_PREFIX_HEADER = "AFShop/AFShop-Prefix.pch";
				INFOPLIST_FILE = AFShop/Info.plist;
				LD_RUNPATH_SEARCH_PATHS = (
					"$(inherited)",
					"@executable_path/Frameworks",
				);
				PRODUCT_BUNDLE_IDENTIFIER = com.xiao..AFShop;
				PRODUCT_NAME = "$(TARGET_NAME)";
				TARGETED_DEVICE_FAMILY = "1,2";
			};
			name = Release;
		};
/* End XCBuildConfiguration section */

/* Begin XCConfigurationList section */
		F98AABCE213FC19200456B8A /* Build configuration list for PBXProject "AFShop" */ = {
			isa = XCConfigurationList;
			buildConfigurations = (
				F98AABE7213FC19300456B8A /* Debug */,
				F98AABE8213FC19300456B8A /* Release */,
			);
			defaultConfigurationIsVisible = 0;
			defaultConfigurationName = Release;
		};
		F98AABE9213FC19300456B8A /* Build configuration list for PBXNativeTarget "AFShop" */ = {
			isa = XCConfigurationList;
			buildConfigurations = (
				F98AABEA213FC19300456B8A /* Debug */,
				F98AABEB213FC19300456B8A /* Release */,
			);
			defaultConfigurationIsVisible = 0;
			defaultConfigurationName = Release;
		};
/* End XCConfigurationList section */
	};
	rootObject = F98AABCB213FC19200456B8A /* Project object */;
}
